
Microsoft Visual Studio Solution File, Format Version 12.00
# Visual Studio 2012
Project("{FAE04EC0-301F-11D3-BF4B-00C04F79EFBC}") = "cashbook.console", "cashbook.console\cashbook.console.csproj", "{7AEE42EE-546C-4341-ABB4-F6CC80CDE1A1}"
EndProject
Project("{FAE04EC0-301F-11D3-BF4B-00C04F79EFBC}") = "cashbook.body", "cashbook.body\cashbook.body.csproj", "{1331C560-7F75-4488-8BB5-08787F558C20}"
EndProject
Project("{FAE04EC0-301F-11D3-BF4B-00C04F79EFBC}") = "eventstore", "..\eventstore\eventstore\eventstore.csproj", "{7413C842-BB80-40D1-98F3-65518BBD5C73}"
EndProject
Project("{FAE04EC0-301F-11D3-BF4B-00C04F79EFBC}") = "cashbook.body.tests", "cashbook.body.tests\cashbook.body.tests.csproj", "{F47DF950-4165-4677-9D7C-E63FA29556D0}"
EndProject
Project("{FAE04EC0-301F-11D3-BF4B-00C04F79EFBC}") = "cashbook.contracts", "cashbook.contracts\cashbook.contracts.csproj", "{D696FFE8-F073-4A62-905D-728F4F1749DB}"
EndProject
Project("{FAE04EC0-301F-11D3-BF4B-00C04F79EFBC}") = "cashbook.console.tests", "cashbook.console.tests\cashbook.console.tests.csproj", "{1220719E-5C4F-4B26-AC1A-C324F7709F59}"
EndProject
Global
	GlobalSection(SolutionConfigurationPlatforms) = preSolution
		Debug|x86 = Debug|x86
		Release|x86 = Release|x86
	EndGlobalSection
	GlobalSection(ProjectConfigurationPlatforms) = postSolution
		{1220719E-5C4F-4B26-AC1A-C324F7709F59}.Debug|x86.ActiveCfg = Debug|x86
		{1220719E-5C4F-4B26-AC1A-C324F7709F59}.Debug|x86.Build.0 = Debug|x86
		{1220719E-5C4F-4B26-AC1A-C324F7709F59}.Release|x86.ActiveCfg = Release|x86
		{1220719E-5C4F-4B26-AC1A-C324F7709F59}.Release|x86.Build.0 = Release|x86
		{1331C560-7F75-4488-8BB5-08787F558C20}.Debug|x86.ActiveCfg = Debug|Any CPU
		{1331C560-7F75-4488-8BB5-08787F558C20}.Debug|x86.Build.0 = Debug|Any CPU
		{1331C560-7F75-4488-8BB5-08787F558C20}.Release|x86.ActiveCfg = Release|Any CPU
		{1331C560-7F75-4488-8BB5-08787F558C20}.Release|x86.Build.0 = Release|Any CPU
		{7413C842-BB80-40D1-98F3-65518BBD5C73}.Debug|x86.ActiveCfg = Debug|Any CPU
		{7413C842-BB80-40D1-98F3-65518BBD5C73}.Debug|x86.Build.0 = Debug|Any CPU
		{7413C842-BB80-40D1-98F3-65518BBD5C73}.Release|x86.ActiveCfg = Release|Any CPU
		{7413C842-BB80-40D1-98F3-65518BBD5C73}.Release|x86.Build.0 = Release|Any CPU
		{7AEE42EE-546C-4341-ABB4-F6CC80CDE1A1}.Debug|x86.ActiveCfg = Debug|x86
		{7AEE42EE-546C-4341-ABB4-F6CC80CDE1A1}.Debug|x86.Build.0 = Debug|x86
		{7AEE42EE-546C-4341-ABB4-F6CC80CDE1A1}.Release|x86.ActiveCfg = Release|x86
		{7AEE42EE-546C-4341-ABB4-F6CC80CDE1A1}.Release|x86.Build.0 = Release|x86
		{D696FFE8-F073-4A62-905D-728F4F1749DB}.Debug|x86.ActiveCfg = Debug|Any CPU
		{D696FFE8-F073-4A62-905D-728F4F1749DB}.Debug|x86.Build.0 = Debug|Any CPU
		{D696FFE8-F073-4A62-905D-728F4F1749DB}.Release|x86.ActiveCfg = Release|Any CPU
		{D696FFE8-F073-4A62-905D-728F4F1749DB}.Release|x86.Build.0 = Release|Any CPU
		{F47DF950-4165-4677-9D7C-E63FA29556D0}.Debug|x86.ActiveCfg = Debug|Any CPU
		{F47DF950-4165-4677-9D7C-E63FA29556D0}.Debug|x86.Build.0 = Debug|Any CPU
		{F47DF950-4165-4677-9D7C-E63FA29556D0}.Release|x86.ActiveCfg = Release|Any CPU
		{F47DF950-4165-4677-9D7C-E63FA29556D0}.Release|x86.Build.0 = Release|Any CPU
	EndGlobalSection
EndGlobal
